# THIS IS AN AUTOGENERATED FILE. DO NOT EDIT THIS FILE DIRECTLY.
# yarn lockfile v1


"@babel/parser@^7.16.4":
  version "7.18.8"
  resolved "https://registry.npmjs.org/@babel/parser/-/parser-7.18.8.tgz"
  integrity sha512-RSKRfYX20dyH+elbJK2uqAkVyucL+xXzhqlMD5/ZXx+dAAwpyB7HsvnHe/ZUGOF+xLr5Wx9/JoXVTj6BQE2/oA==

"@esbuild/linux-loong64@0.15.7":
  version "0.15.7"
  resolved "https://registry.yarnpkg.com/@esbuild/linux-loong64/-/linux-loong64-0.15.7.tgz#1ec4af4a16c554cbd402cc557ccdd874e3f7be53"
  integrity sha512-IKznSJOsVUuyt7cDzzSZyqBEcZe+7WlBqTVXiF1OXP/4Nm387ToaXZ0fyLwI1iBlI/bzpxVq411QE2/Bt2XWWw==

"@vitejs/plugin-vue@^3.1.0":
  version "3.1.0"
  resolved "https://registry.yarnpkg.com/@vitejs/plugin-vue/-/plugin-vue-3.1.0.tgz#3a423ea6943a450e806da412a911150e928598ed"
  integrity sha512-fmxtHPjSOEIRg6vHYDaem+97iwCUg/uSIaTzp98lhELt2ISOQuDo2hbkBdXod0g15IhfPMQmAxh4heUks2zvDA==

"@volar/code-gen@0.40.10":
  version "0.40.10"
  resolved "https://registry.yarnpkg.com/@volar/code-gen/-/code-gen-0.40.10.tgz#043ec1cefe1465d614bd0383c1564cf0f415855a"
  integrity sha512-i2F1uTTH+ARt2fYnSYMqAYswX959+ErMzgOPfyuzsF/6W7aHoQK1yOHZh3Ym3X1qlnSh+NJpk68F2pa/eO5zaw==
  dependencies:
    "@volar/source-map" "0.40.10"

"@volar/source-map@0.40.10":
  version "0.40.10"
  resolved "https://registry.yarnpkg.com/@volar/source-map/-/source-map-0.40.10.tgz#f8128b9caf6e9869bb6481496578b4520a9324d8"
  integrity sha512-oUygxcb1cW2SxAs0IU9dLkCZ64wLJPqFEXgwStgjxRzFZlD1nNpDROshIswEw0R+Wss2Zu64aIBlZNAtePQP4w==
  dependencies:
    "@vue/reactivity" "3.2.38"

"@volar/typescript-faster@0.40.10":
  version "0.40.10"
  resolved "https://registry.yarnpkg.com/@volar/typescript-faster/-/typescript-faster-0.40.10.tgz#18812743156c03073fbe576b31e9e616710dcddf"
  integrity sha512-fjhxtG1LuQBEIue9Fj5FIIr8gZu2ah3ottFEZuhQ0OpiylWMeOTDvrqlPyjUzAgahEnlU8wAIKTVigj85S+Wbg==
  dependencies:
    semver "^7.3.7"

"@volar/vue-language-core@0.40.10":
  version "0.40.10"
  resolved "https://registry.yarnpkg.com/@volar/vue-language-core/-/vue-language-core-0.40.10.tgz#05dfdfd197c7dc17ca08cecfed96125536df8c88"
  integrity sha512-p3tQK9V5GvJvyRwVea+q2re0vnyHahfNQsNKxKlx9/ly6IzfcQ0URPpVH4A+5eSC9ZFpFdZlvS8Tm6s7dThOJQ==
  dependencies:
    "@volar/code-gen" "0.40.10"
    "@volar/source-map" "0.40.10"
    "@vue/compiler-core" "^3.2.38"
    "@vue/compiler-dom" "^3.2.38"
    "@vue/compiler-sfc" "^3.2.38"
    "@vue/reactivity" "^3.2.38"
    "@vue/shared" "^3.2.38"

"@volar/vue-typescript@0.40.10":
  version "0.40.10"
  resolved "https://registry.yarnpkg.com/@volar/vue-typescript/-/vue-typescript-0.40.10.tgz#66dd520917f654ff8469710ec2b16eccf5cd4b8c"
  integrity sha512-bqql6kFQhYLnriomCoTLGfZn9FXa+3y0JFpNcq2qXekSvH6gzcn0CwqXNP60PumL56WhI8/gRPZnAhB5h9JrWw==
  dependencies:
    "@volar/code-gen" "0.40.10"
    "@volar/typescript-faster" "0.40.10"
    "@volar/vue-language-core" "0.40.10"

"@vue/compiler-core@3.2.37":
  version "3.2.37"
  resolved "https://registry.npmjs.org/@vue/compiler-core/-/compiler-core-3.2.37.tgz"
  integrity sha512-81KhEjo7YAOh0vQJoSmAD68wLfYqJvoiD4ulyedzF+OEk/bk6/hx3fTNVfuzugIIaTrOx4PGx6pAiBRe5e9Zmg==
  dependencies:
    "@babel/parser" "^7.16.4"
    "@vue/shared" "3.2.37"
    estree-walker "^2.0.2"
    source-map "^0.6.1"

"@vue/compiler-core@3.2.38", "@vue/compiler-core@^3.2.38":
  version "3.2.38"
  resolved "https://registry.npmjs.org/@vue/compiler-core/-/compiler-core-3.2.38.tgz"
  integrity sha512-/FsvnSu7Z+lkd/8KXMa4yYNUiqQrI22135gfsQYVGuh5tqEgOB0XqrUdb/KnCLa5+TmQLPwvyUnKMyCpu+SX3Q==
  dependencies:
    "@babel/parser" "^7.16.4"
    "@vue/shared" "3.2.38"
    estree-walker "^2.0.2"
    source-map "^0.6.1"

"@vue/compiler-dom@3.2.37":
  version "3.2.37"
  resolved "https://registry.npmjs.org/@vue/compiler-dom/-/compiler-dom-3.2.37.tgz"
  integrity sha512-yxJLH167fucHKxaqXpYk7x8z7mMEnXOw3G2q62FTkmsvNxu4FQSu5+3UMb+L7fjKa26DEzhrmCxAgFLLIzVfqQ==
  dependencies:
    "@vue/compiler-core" "3.2.37"
    "@vue/shared" "3.2.37"

"@vue/compiler-dom@3.2.38", "@vue/compiler-dom@^3.2.38":
  version "3.2.38"
  resolved "https://registry.npmjs.org/@vue/compiler-dom/-/compiler-dom-3.2.38.tgz"
  integrity sha512-zqX4FgUbw56kzHlgYuEEJR8mefFiiyR3u96498+zWPsLeh1WKvgIReoNE+U7gG8bCUdvsrJ0JRmev0Ky6n2O0g==
  dependencies:
    "@vue/compiler-core" "3.2.38"
    "@vue/shared" "3.2.38"

"@vue/compiler-sfc@3.2.37":
  version "3.2.37"
  resolved "https://registry.npmjs.org/@vue/compiler-sfc/-/compiler-sfc-3.2.37.tgz"
  integrity sha512-+7i/2+9LYlpqDv+KTtWhOZH+pa8/HnX/905MdVmAcI/mPQOBwkHHIzrsEsucyOIZQYMkXUiTkmZq5am/NyXKkg==
  dependencies:
    "@babel/parser" "^7.16.4"
    "@vue/compiler-core" "3.2.37"
    "@vue/compiler-dom" "3.2.37"
    "@vue/compiler-ssr" "3.2.37"
    "@vue/reactivity-transform" "3.2.37"
    "@vue/shared" "3.2.37"
    estree-walker "^2.0.2"
    magic-string "^0.25.7"
    postcss "^8.1.10"
    source-map "^0.6.1"

"@vue/compiler-sfc@^3.2.38":
  version "3.2.38"
  resolved "https://registry.npmjs.org/@vue/compiler-sfc/-/compiler-sfc-3.2.38.tgz"
  integrity sha512-KZjrW32KloMYtTcHAFuw3CqsyWc5X6seb8KbkANSWt3Cz9p2qA8c1GJpSkksFP9ABb6an0FLCFl46ZFXx3kKpg==
  dependencies:
    "@babel/parser" "^7.16.4"
    "@vue/compiler-core" "3.2.38"
    "@vue/compiler-dom" "3.2.38"
    "@vue/compiler-ssr" "3.2.38"
    "@vue/reactivity-transform" "3.2.38"
    "@vue/shared" "3.2.38"
    estree-walker "^2.0.2"
    magic-string "^0.25.7"
    postcss "^8.1.10"
    source-map "^0.6.1"

"@vue/compiler-ssr@3.2.37":
  version "3.2.37"
  resolved "https://registry.npmjs.org/@vue/compiler-ssr/-/compiler-ssr-3.2.37.tgz"
  integrity sha512-7mQJD7HdXxQjktmsWp/J67lThEIcxLemz1Vb5I6rYJHR5vI+lON3nPGOH3ubmbvYGt8xEUaAr1j7/tIFWiEOqw==
  dependencies:
    "@vue/compiler-dom" "3.2.37"
    "@vue/shared" "3.2.37"

"@vue/compiler-ssr@3.2.38":
  version "3.2.38"
  resolved "https://registry.npmjs.org/@vue/compiler-ssr/-/compiler-ssr-3.2.38.tgz"
  integrity sha512-bm9jOeyv1H3UskNm4S6IfueKjUNFmi2kRweFIGnqaGkkRePjwEcfCVqyS3roe7HvF4ugsEkhf4+kIvDhip6XzQ==
  dependencies:
    "@vue/compiler-dom" "3.2.38"
    "@vue/shared" "3.2.38"

"@vue/reactivity-transform@3.2.37":
  version "3.2.37"
  resolved "https://registry.npmjs.org/@vue/reactivity-transform/-/reactivity-transform-3.2.37.tgz"
  integrity sha512-IWopkKEb+8qpu/1eMKVeXrK0NLw9HicGviJzhJDEyfxTR9e1WtpnnbYkJWurX6WwoFP0sz10xQg8yL8lgskAZg==
  dependencies:
    "@babel/parser" "^7.16.4"
    "@vue/compiler-core" "3.2.37"
    "@vue/shared" "3.2.37"
    estree-walker "^2.0.2"
    magic-string "^0.25.7"

"@vue/reactivity-transform@3.2.38":
  version "3.2.38"
  resolved "https://registry.npmjs.org/@vue/reactivity-transform/-/reactivity-transform-3.2.38.tgz"
  integrity sha512-3SD3Jmi1yXrDwiNJqQ6fs1x61WsDLqVk4NyKVz78mkaIRh6d3IqtRnptgRfXn+Fzf+m6B1KxBYWq1APj6h4qeA==
  dependencies:
    "@babel/parser" "^7.16.4"
    "@vue/compiler-core" "3.2.38"
    "@vue/shared" "3.2.38"
    estree-walker "^2.0.2"
    magic-string "^0.25.7"

"@vue/reactivity@3.2.37":
  version "3.2.37"
  resolved "https://registry.npmjs.org/@vue/reactivity/-/reactivity-3.2.37.tgz"
  integrity sha512-/7WRafBOshOc6m3F7plwzPeCu/RCVv9uMpOwa/5PiY1Zz+WLVRWiy0MYKwmg19KBdGtFWsmZ4cD+LOdVPcs52A==
  dependencies:
    "@vue/shared" "3.2.37"

"@vue/reactivity@3.2.38", "@vue/reactivity@^3.2.38":
  version "3.2.38"
  resolved "https://registry.npmjs.org/@vue/reactivity/-/reactivity-3.2.38.tgz"
  integrity sha512-6L4myYcH9HG2M25co7/BSo0skKFHpAN8PhkNPM4xRVkyGl1K5M3Jx4rp5bsYhvYze2K4+l+pioN4e6ZwFLUVtw==
  dependencies:
    "@vue/shared" "3.2.38"

"@vue/runtime-core@3.2.37":
  version "3.2.37"
  resolved "https://registry.npmjs.org/@vue/runtime-core/-/runtime-core-3.2.37.tgz"
  integrity sha512-JPcd9kFyEdXLl/i0ClS7lwgcs0QpUAWj+SKX2ZC3ANKi1U4DOtiEr6cRqFXsPwY5u1L9fAjkinIdB8Rz3FoYNQ==
  dependencies:
    "@vue/reactivity" "3.2.37"
    "@vue/shared" "3.2.37"

"@vue/runtime-dom@3.2.37":
  version "3.2.37"
  resolved "https://registry.npmjs.org/@vue/runtime-dom/-/runtime-dom-3.2.37.tgz"
  integrity sha512-HimKdh9BepShW6YozwRKAYjYQWg9mQn63RGEiSswMbW+ssIht1MILYlVGkAGGQbkhSh31PCdoUcfiu4apXJoPw==
  dependencies:
    "@vue/runtime-core" "3.2.37"
    "@vue/shared" "3.2.37"
    csstype "^2.6.8"

"@vue/server-renderer@3.2.37":
  version "3.2.37"
  resolved "https://registry.npmjs.org/@vue/server-renderer/-/server-renderer-3.2.37.tgz"
  integrity sha512-kLITEJvaYgZQ2h47hIzPh2K3jG8c1zCVbp/o/bzQOyvzaKiCquKS7AaioPI28GNxIsE/zSx+EwWYsNxDCX95MA==
  dependencies:
    "@vue/compiler-ssr" "3.2.37"
    "@vue/shared" "3.2.37"

"@vue/shared@3.2.37":
  version "3.2.37"
  resolved "https://registry.npmjs.org/@vue/shared/-/shared-3.2.37.tgz"
  integrity sha512-4rSJemR2NQIo9Klm1vabqWjD8rs/ZaJSzMxkMNeJS6lHiUjjUeYFbooN19NgFjztubEKh3WlZUeOLVdbbUWHsw==

"@vue/shared@3.2.38", "@vue/shared@^3.2.38":
  version "3.2.38"
  resolved "https://registry.npmjs.org/@vue/shared/-/shared-3.2.38.tgz"
  integrity sha512-dTyhTIRmGXBjxJE+skC8tTWCGLCVc4wQgRRLt8+O9p5ewBAjoBwtCAkLPrtToSr1xltoe3st21Pv953aOZ7alg==

csstype@^2.6.8:
  version "2.6.20"
  resolved "https://registry.npmjs.org/csstype/-/csstype-2.6.20.tgz"
  integrity sha512-/WwNkdXfckNgw6S5R125rrW8ez139lBHWouiBvX8dfMFtcn6V81REDqnH7+CRpRipfYlyU1CmOnOxrmGcFOjeA==

default-passive-events@^2.0.0:
  version "2.0.0"
  resolved "https://registry.yarnpkg.com/default-passive-events/-/default-passive-events-2.0.0.tgz#79b1aa67becbaab38b718469b5480fef92eda649"
  integrity sha512-eMtt76GpDVngZQ3ocgvRcNCklUMwID1PaNbCNxfpDXuiOXttSh0HzBbda1HU9SIUsDc02vb7g9+3I5tlqe/qMQ==

esbuild-android-64@0.15.7:
  version "0.15.7"
  resolved "https://registry.yarnpkg.com/esbuild-android-64/-/esbuild-android-64-0.15.7.tgz#a521604d8c4c6befc7affedc897df8ccde189bea"
  integrity sha512-p7rCvdsldhxQr3YHxptf1Jcd86dlhvc3EQmQJaZzzuAxefO9PvcI0GLOa5nCWem1AJ8iMRu9w0r5TG8pHmbi9w==

esbuild-android-arm64@0.15.7:
  version "0.15.7"
  resolved "https://registry.yarnpkg.com/esbuild-android-arm64/-/esbuild-android-arm64-0.15.7.tgz#307b81f1088bf1e81dfe5f3d1d63a2d2a2e3e68e"
  integrity sha512-L775l9ynJT7rVqRM5vo+9w5g2ysbOCfsdLV4CWanTZ1k/9Jb3IYlQ06VCI1edhcosTYJRECQFJa3eAvkx72eyQ==

esbuild-darwin-64@0.15.7:
  version "0.15.7"
  resolved "https://registry.yarnpkg.com/esbuild-darwin-64/-/esbuild-darwin-64-0.15.7.tgz#270117b0c4ec6bcbc5cf3a297a7d11954f007e11"
  integrity sha512-KGPt3r1c9ww009t2xLB6Vk0YyNOXh7hbjZ3EecHoVDxgtbUlYstMPDaReimKe6eOEfyY4hBEEeTvKwPsiH5WZg==

esbuild-darwin-arm64@0.15.7:
  version "0.15.7"
  resolved "https://registry.yarnpkg.com/esbuild-darwin-arm64/-/esbuild-darwin-arm64-0.15.7.tgz#97851eacd11dacb7719713602e3319e16202fc77"
  integrity sha512-kBIHvtVqbSGajN88lYMnR3aIleH3ABZLLFLxwL2stiuIGAjGlQW741NxVTpUHQXUmPzxi6POqc9npkXa8AcSZQ==

esbuild-freebsd-64@0.15.7:
  version "0.15.7"
  resolved "https://registry.yarnpkg.com/esbuild-freebsd-64/-/esbuild-freebsd-64-0.15.7.tgz#1de15ffaf5ae916aa925800aa6d02579960dd8c4"
  integrity sha512-hESZB91qDLV5MEwNxzMxPfbjAhOmtfsr9Wnuci7pY6TtEh4UDuevmGmkUIjX/b+e/k4tcNBMf7SRQ2mdNuK/HQ==

esbuild-freebsd-arm64@0.15.7:
  version "0.15.7"
  resolved "https://registry.yarnpkg.com/esbuild-freebsd-arm64/-/esbuild-freebsd-arm64-0.15.7.tgz#0f160dbf5c9a31a1d8dd87acbbcb1a04b7031594"
  integrity sha512-dLFR0ChH5t+b3J8w0fVKGvtwSLWCv7GYT2Y2jFGulF1L5HftQLzVGN+6pi1SivuiVSmTh28FwUhi9PwQicXI6Q==

esbuild-linux-32@0.15.7:
  version "0.15.7"
  resolved "https://registry.yarnpkg.com/esbuild-linux-32/-/esbuild-linux-32-0.15.7.tgz#422eb853370a5e40bdce8b39525380de11ccadec"
  integrity sha512-v3gT/LsONGUZcjbt2swrMjwxo32NJzk+7sAgtxhGx1+ZmOFaTRXBAi1PPfgpeo/J//Un2jIKm/I+qqeo4caJvg==

esbuild-linux-64@0.15.7:
  version "0.15.7"
  resolved "https://registry.npmjs.org/esbuild-linux-64/-/esbuild-linux-64-0.15.7.tgz"
  integrity sha512-LxXEfLAKwOVmm1yecpMmWERBshl+Kv5YJ/1KnyAr6HRHFW8cxOEsEfisD3sVl/RvHyW//lhYUVSuy9jGEfIRAQ==

esbuild-linux-arm64@0.15.7:
  version "0.15.7"
  resolved "https://registry.yarnpkg.com/esbuild-linux-arm64/-/esbuild-linux-arm64-0.15.7.tgz#68a79d6eb5e032efb9168a0f340ccfd33d6350a1"
  integrity sha512-P3cfhudpzWDkglutWgXcT2S7Ft7o2e3YDMrP1n0z2dlbUZghUkKCyaWw0zhp4KxEEzt/E7lmrtRu/pGWnwb9vw==

esbuild-linux-arm@0.15.7:
  version "0.15.7"
  resolved "https://registry.yarnpkg.com/esbuild-linux-arm/-/esbuild-linux-arm-0.15.7.tgz#2b7c784d0b3339878013dfa82bf5eaf82c7ce7d3"
  integrity sha512-JKgAHtMR5f75wJTeuNQbyznZZa+pjiUHV7sRZp42UNdyXC6TiUYMW/8z8yIBAr2Fpad8hM1royZKQisqPABPvQ==

esbuild-linux-mips64le@0.15.7:
  version "0.15.7"
  resolved "https://registry.yarnpkg.com/esbuild-linux-mips64le/-/esbuild-linux-mips64le-0.15.7.tgz#bb8330a50b14aa84673816cb63cc6c8b9beb62cc"
  integrity sha512-T7XKuxl0VpeFLCJXub6U+iybiqh0kM/bWOTb4qcPyDDwNVhLUiPcGdG2/0S7F93czUZOKP57YiLV8YQewgLHKw==

esbuild-linux-ppc64le@0.15.7:
  version "0.15.7"
  resolved "https://registry.yarnpkg.com/esbuild-linux-ppc64le/-/esbuild-linux-ppc64le-0.15.7.tgz#52544e7fa992811eb996674090d0bc41f067a14b"
  integrity sha512-6mGuC19WpFN7NYbecMIJjeQgvDb5aMuvyk0PDYBJrqAEMkTwg3Z98kEKuCm6THHRnrgsdr7bp4SruSAxEM4eJw==

esbuild-linux-riscv64@0.15.7:
  version "0.15.7"
  resolved "https://registry.yarnpkg.com/esbuild-linux-riscv64/-/esbuild-linux-riscv64-0.15.7.tgz#a43ae60697992b957e454cbb622f7ee5297e8159"
  integrity sha512-uUJsezbswAYo/X7OU/P+PuL/EI9WzxsEQXDekfwpQ23uGiooxqoLFAPmXPcRAt941vjlY9jtITEEikWMBr+F/g==

esbuild-linux-s390x@0.15.7:
  version "0.15.7"
  resolved "https://registry.yarnpkg.com/esbuild-linux-s390x/-/esbuild-linux-s390x-0.15.7.tgz#8c76a125dd10a84c166294d77416caaf5e1c7b64"
  integrity sha512-+tO+xOyTNMc34rXlSxK7aCwJgvQyffqEM5MMdNDEeMU3ss0S6wKvbBOQfgd5jRPblfwJ6b+bKiz0g5nABpY0QQ==

esbuild-netbsd-64@0.15.7:
  version "0.15.7"
  resolved "https://registry.yarnpkg.com/esbuild-netbsd-64/-/esbuild-netbsd-64-0.15.7.tgz#19b2e75449d7d9c32b5d8a222bac2f1e0c3b08fd"
  integrity sha512-yVc4Wz+Pu3cP5hzm5kIygNPrjar/v5WCSoRmIjCPWfBVJkZNb5brEGKUlf+0Y759D48BCWa0WHrWXaNy0DULTQ==

esbuild-openbsd-64@0.15.7:
  version "0.15.7"
  resolved "https://registry.yarnpkg.com/esbuild-openbsd-64/-/esbuild-openbsd-64-0.15.7.tgz#1357b2bf72fd037d9150e751420a1fe4c8618ad7"
  integrity sha512-GsimbwC4FSR4lN3wf8XmTQ+r8/0YSQo21rWDL0XFFhLHKlzEA4SsT1Tl8bPYu00IU6UWSJ+b3fG/8SB69rcuEQ==

esbuild-sunos-64@0.15.7:
  version "0.15.7"
  resolved "https://registry.yarnpkg.com/esbuild-sunos-64/-/esbuild-sunos-64-0.15.7.tgz#87ab2c604592a9c3c763e72969da0d72bcde91d2"
  integrity sha512-8CDI1aL/ts0mDGbWzjEOGKXnU7p3rDzggHSBtVryQzkSOsjCHRVe0iFYUuhczlxU1R3LN/E7HgUO4NXzGGP/Ag==

esbuild-windows-32@0.15.7:
  version "0.15.7"
  resolved "https://registry.yarnpkg.com/esbuild-windows-32/-/esbuild-windows-32-0.15.7.tgz#c81e688c0457665a8d463a669e5bf60870323e99"
  integrity sha512-cOnKXUEPS8EGCzRSFa1x6NQjGhGsFlVgjhqGEbLTPsA7x4RRYiy2RKoArNUU4iR2vHmzqS5Gr84MEumO/wxYKA==

esbuild-windows-64@0.15.7:
  version "0.15.7"
  resolved "https://registry.yarnpkg.com/esbuild-windows-64/-/esbuild-windows-64-0.15.7.tgz#2421d1ae34b0561a9d6767346b381961266c4eff"
  integrity sha512-7MI08Ec2sTIDv+zH6StNBKO+2hGUYIT42GmFyW6MBBWWtJhTcQLinKS6ldIN1d52MXIbiJ6nXyCJ+LpL4jBm3Q==

esbuild-windows-arm64@0.15.7:
  version "0.15.7"
  resolved "https://registry.yarnpkg.com/esbuild-windows-arm64/-/esbuild-windows-arm64-0.15.7.tgz#7d5e9e060a7b454cb2f57f84a3f3c23c8f30b7d2"
  integrity sha512-R06nmqBlWjKHddhRJYlqDd3Fabx9LFdKcjoOy08YLimwmsswlFBJV4rXzZCxz/b7ZJXvrZgj8DDv1ewE9+StMw==

esbuild@^0.15.6:
  version "0.15.7"
  resolved "https://registry.npmjs.org/esbuild/-/esbuild-0.15.7.tgz"
  integrity sha512-7V8tzllIbAQV1M4QoE52ImKu8hT/NLGlGXkiDsbEU5PS6K8Mn09ZnYoS+dcmHxOS9CRsV4IRAMdT3I67IyUNXw==
  optionalDependencies:
    "@esbuild/linux-loong64" "0.15.7"
    esbuild-android-64 "0.15.7"
    esbuild-android-arm64 "0.15.7"
    esbuild-darwin-64 "0.15.7"
    esbuild-darwin-arm64 "0.15.7"
    esbuild-freebsd-64 "0.15.7"
    esbuild-freebsd-arm64 "0.15.7"
    esbuild-linux-32 "0.15.7"
    esbuild-linux-64 "0.15.7"
    esbuild-linux-arm "0.15.7"
    esbuild-linux-arm64 "0.15.7"
    esbuild-linux-mips64le "0.15.7"
    esbuild-linux-ppc64le "0.15.7"
    esbuild-linux-riscv64 "0.15.7"
    esbuild-linux-s390x "0.15.7"
    esbuild-netbsd-64 "0.15.7"
    esbuild-openbsd-64 "0.15.7"
    esbuild-sunos-64 "0.15.7"
    esbuild-windows-32 "0.15.7"
    esbuild-windows-64 "0.15.7"
    esbuild-windows-arm64 "0.15.7"

estree-walker@^2.0.2:
  version "2.0.2"
  resolved "https://registry.npmjs.org/estree-walker/-/estree-walker-2.0.2.tgz"
  integrity sha512-Rfkk/Mp/DL7JVje3u18FxFujQlTNR2q6QfMSMB7AvCBx91NGj/ba3kCfza0f6dVDbw7YlRf/nDrn7pQrCCyQ/w==

fsevents@~2.3.2:
  version "2.3.2"
  resolved "https://registry.yarnpkg.com/fsevents/-/fsevents-2.3.2.tgz#8a526f78b8fdf4623b709e0b975c52c24c02fd1a"
  integrity sha512-xiqMQR4xAeHTuB9uWm+fFRcIOgKBMiOBP+eXiyT7jsgVCq1bkVygt00oASowB7EdtpOHaaPgKt812P9ab+DDKA==

function-bind@^1.1.1:
  version "1.1.1"
  resolved "https://registry.npmjs.org/function-bind/-/function-bind-1.1.1.tgz"
  integrity sha512-yIovAzMX49sF8Yl58fSCWJ5svSLuaibPxXQJFLmBObTuCr0Mf1KiPopGM9NiFjiYBCbfaa2Fh6breQ6ANVTI0A==

has@^1.0.3:
  version "1.0.3"
  resolved "https://registry.npmjs.org/has/-/has-1.0.3.tgz"
  integrity sha512-f2dvO0VU6Oej7RkWJGrehjbzMAjFp5/VKPp5tTpWIV4JHHZK1/BxbFRtf/siA2SWTe09caDmVtYYzWEIbBS4zw==
  dependencies:
    function-bind "^1.1.1"

is-core-module@^2.9.0:
  version "2.10.0"
  resolved "https://registry.npmjs.org/is-core-module/-/is-core-module-2.10.0.tgz"
  integrity sha512-Erxj2n/LDAZ7H8WNJXd9tw38GYM3dv8rk8Zcs+jJuxYTW7sozH+SS8NtrSjVL1/vpLvWi1hxy96IzjJ3EHTJJg==
  dependencies:
    has "^1.0.3"

lru-cache@^6.0.0:
  version "6.0.0"
  resolved "https://registry.yarnpkg.com/lru-cache/-/lru-cache-6.0.0.tgz#6d6fe6570ebd96aaf90fcad1dafa3b2566db3a94"
  integrity sha512-Jo6dJ04CmSjuznwJSS3pUeWmd/H0ffTlkXXgwZi+eq1UCmqQwCh+eLsYOYCwY991i2Fah4h1BEMCx4qThGbsiA==
  dependencies:
    yallist "^4.0.0"

magic-string@^0.25.7:
  version "0.25.9"
  resolved "https://registry.npmjs.org/magic-string/-/magic-string-0.25.9.tgz"
  integrity sha512-RmF0AsMzgt25qzqqLc1+MbHmhdx0ojF2Fvs4XnOqz2ZOBXzzkEwc/dJQZCYHAn7v1jbVOjAZfK8msRn4BxO4VQ==
  dependencies:
    sourcemap-codec "^1.4.8"

nanoid@^3.3.4:
  version "3.3.4"
  resolved "https://registry.npmjs.org/nanoid/-/nanoid-3.3.4.tgz"
  integrity sha512-MqBkQh/OHTS2egovRtLk45wEyNXwF+cokD+1YPf9u5VfJiRdAiRwB2froX5Co9Rh20xs4siNPm8naNotSD6RBw==

path-parse@^1.0.7:
  version "1.0.7"
  resolved "https://registry.npmjs.org/path-parse/-/path-parse-1.0.7.tgz"
  integrity sha512-LDJzPVEEEPR+y48z93A0Ed0yXb8pAByGWo/k5YYdYgpY2/2EsOsksJrq7lOHxryrVOn1ejG6oAp8ahvOIQD8sw==

picocolors@^1.0.0:
  version "1.0.0"
  resolved "https://registry.npmjs.org/picocolors/-/picocolors-1.0.0.tgz"
  integrity sha512-1fygroTLlHu66zi26VoTDv8yRgm0Fccecssto+MhsZ0D/DGW2sm8E8AjW7NU5VVTRt5GxbeZ5qBuJr+HyLYkjQ==

postcss@^8.1.10, postcss@^8.4.16:
  version "8.4.16"
  resolved "https://registry.npmjs.org/postcss/-/postcss-8.4.16.tgz"
  integrity sha512-ipHE1XBvKzm5xI7hiHCZJCSugxvsdq2mPnsq5+UF+VHCjiBvtDrlxJfMBToWaP9D5XlgNmcFGqoHmUn0EYEaRQ==
  dependencies:
    nanoid "^3.3.4"
    picocolors "^1.0.0"
    source-map-js "^1.0.2"

resolve@^1.22.1:
  version "1.22.1"
  resolved "https://registry.npmjs.org/resolve/-/resolve-1.22.1.tgz"
  integrity sha512-nBpuuYuY5jFsli/JIs1oldw6fOQCBioohqWZg/2hiaOybXOft4lonv85uDOKXdf8rhyK159cxU5cDcK/NKk8zw==
  dependencies:
    is-core-module "^2.9.0"
    path-parse "^1.0.7"
    supports-preserve-symlinks-flag "^1.0.0"

rollup@~2.78.0:
  version "2.78.1"
  resolved "https://registry.npmjs.org/rollup/-/rollup-2.78.1.tgz"
  integrity sha512-VeeCgtGi4P+o9hIg+xz4qQpRl6R401LWEXBmxYKOV4zlF82lyhgh2hTZnheFUbANE8l2A41F458iwj2vEYaXJg==
  optionalDependencies:
    fsevents "~2.3.2"

semver@^7.3.7:
  version "7.3.7"
  resolved "https://registry.yarnpkg.com/semver/-/semver-7.3.7.tgz#12c5b649afdbf9049707796e22a4028814ce523f"
  integrity sha512-QlYTucUYOews+WeEujDoEGziz4K6c47V/Bd+LjSSYcA94p+DmINdf7ncaUinThfvZyu13lN9OY1XDxt8C0Tw0g==
  dependencies:
    lru-cache "^6.0.0"

signature_pad@^4.0.7:
  version "4.0.7"
  resolved "https://registry.npmjs.org/signature_pad/-/signature_pad-4.0.7.tgz"
  integrity sha512-2edcoEa6hDKeu/cIEda841Zhf8o3AyIscebzTJQdrBszSRRUvhbgqScNGmZuzo4iWn5FWYfFF6zZEl7mqvp8gA==

source-map-js@^1.0.2:
  version "1.0.2"
  resolved "https://registry.npmjs.org/source-map-js/-/source-map-js-1.0.2.tgz"
  integrity sha512-R0XvVJ9WusLiqTCEiGCmICCMplcCkIwwR11mOSD9CR5u+IXYdiseeEuXCVAjS54zqwkLcPNnmU4OeJ6tUrWhDw==

source-map@^0.6.1:
  version "0.6.1"
  resolved "https://registry.npmjs.org/source-map/-/source-map-0.6.1.tgz"
  integrity sha512-UjgapumWlbMhkBgzT7Ykc5YXUT46F0iKu8SGXq0bcwP5dz/h0Plj6enJqjz1Zbq2l5WaqYnrVbwWOWMyF3F47g==

sourcemap-codec@^1.4.8:
  version "1.4.8"
  resolved "https://registry.npmjs.org/sourcemap-codec/-/sourcemap-codec-1.4.8.tgz"
  integrity sha512-9NykojV5Uih4lgo5So5dtw+f0JgJX30KCNI8gwhz2J9A15wD0Ml6tjHKwf6fTSa6fAdVBdZeNOs9eJ71qCk8vA==

supports-preserve-symlinks-flag@^1.0.0:
  version "1.0.0"
  resolved "https://registry.npmjs.org/supports-preserve-symlinks-flag/-/supports-preserve-symlinks-flag-1.0.0.tgz"
  integrity sha512-ot0WnXS9fgdkgIcePe6RHNk1WA8+muPa6cSjeR3V8K27q9BB1rTE3R1p7Hv0z1ZyAc8s6Vvv8DIyWf681MAt0w==

typescript@^4.8.2:
  version "4.8.2"
  resolved "https://registry.yarnpkg.com/typescript/-/typescript-4.8.2.tgz#e3b33d5ccfb5914e4eeab6699cf208adee3fd790"
  integrity sha512-C0I1UsrrDHo2fYI5oaCGbSejwX4ch+9Y5jTQELvovfmFkK3HHSZJB8MSJcWLmCUBzQBchCrZ9rMRV6GuNrvGtw==

vite@^3.1.0:
  version "3.1.0"
  resolved "https://registry.npmjs.org/vite/-/vite-3.1.0.tgz"
  integrity sha512-YBg3dUicDpDWFCGttmvMbVyS9ydjntwEjwXRj2KBFwSB8SxmGcudo1yb8FW5+M/G86aS8x828ujnzUVdsLjs9g==
  dependencies:
    esbuild "^0.15.6"
    postcss "^8.4.16"
    resolve "^1.22.1"
    rollup "~2.78.0"
  optionalDependencies:
    fsevents "~2.3.2"

vue-tsc@^0.40.8:
  version "0.40.10"
  resolved "https://registry.yarnpkg.com/vue-tsc/-/vue-tsc-0.40.10.tgz#398cf83a5da07d8987b7dd0d13b6b549cf8de2e9"
  integrity sha512-ZHxeHdMTT0mDTpj24FJeMYyvJWGV1/v6hjsoIQxxNYMMQjxxOvVRAX8yNhhbRwbVa/2H9Y/e6kcP/MjgSofuKg==
  dependencies:
    "@volar/vue-language-core" "0.40.10"
    "@volar/vue-typescript" "0.40.10"

vue@^3.2.37:
  version "3.2.37"
  resolved "https://registry.npmjs.org/vue/-/vue-3.2.37.tgz"
  integrity sha512-bOKEZxrm8Eh+fveCqS1/NkG/n6aMidsI6hahas7pa0w/l7jkbssJVsRhVDs07IdDq7h9KHswZOgItnwJAgtVtQ==
  dependencies:
    "@vue/compiler-dom" "3.2.37"
    "@vue/compiler-sfc" "3.2.37"
    "@vue/runtime-dom" "3.2.37"
    "@vue/server-renderer" "3.2.37"
    "@vue/shared" "3.2.37"

yallist@^4.0.0:
  version "4.0.0"
  resolved "https://registry.npmjs.org/yallist/-/yallist-4.0.0.tgz"
  integrity sha512-3wdGidZyq5PB084XLES5TpOSRA3wjXAlIWMhum2kRcv/41Sn2emQ0dycQW4uZXLejwKvg6EsvbdlVL+FYEct7A==
