# THIS IS AN AUTOGENERATED FILE. DO NOT EDIT THIS FILE DIRECTLY.
# yarn lockfile v1


"@babel/parser@^7.16.4":
  "integrity" "sha512-RSKRfYX20dyH+elbJK2uqAkVyucL+xXzhqlMD5/ZXx+dAAwpyB7HsvnHe/ZUGOF+xLr5Wx9/JoXVTj6BQE2/oA=="
  "resolved" "https://registry.npmjs.org/@babel/parser/-/parser-7.18.8.tgz"
  "version" "7.18.8"

"@vitejs/plugin-vue@^1.1.5":
  "integrity" "sha512-4DV8VPYo8/OR1YsnK39QN16xhKENt2XvcmJxqfRtyz75kvbjBYh1zTSHLp7XsXqv4R2I+fOZlbEBvxosMYLcPA=="
  "resolved" "https://registry.npmjs.org/@vitejs/plugin-vue/-/plugin-vue-1.1.5.tgz"
  "version" "1.1.5"

"@volar/code-gen@0.40.13":
  "integrity" "sha512-4gShBWuMce868OVvgyA1cU5WxHbjfEme18Tw6uVMfweZCF5fB2KECG0iPrA9D54vHk3FeHarODNwgIaaFfUBlA=="
  "resolved" "https://registry.npmjs.org/@volar/code-gen/-/code-gen-0.40.13.tgz"
  "version" "0.40.13"
  dependencies:
    "@volar/source-map" "0.40.13"

"@volar/source-map@0.40.13":
  "integrity" "sha512-dbdkAB2Nxb0wLjAY5O64o3ywVWlAGONnBIoKAkXSf6qkGZM+nJxcizsoiI66K+RHQG0XqlyvjDizfnTxr+6PWg=="
  "resolved" "https://registry.npmjs.org/@volar/source-map/-/source-map-0.40.13.tgz"
  "version" "0.40.13"
  dependencies:
    "@vue/reactivity" "3.2.38"

"@volar/typescript-faster@0.40.13":
  "integrity" "sha512-uy+TlcFkKoNlKEnxA4x5acxdxLyVDIXGSc8cYDNXpPKjBKXrQaetzCzlO3kVBqu1VLMxKNGJMTKn35mo+ILQmw=="
  "resolved" "https://registry.npmjs.org/@volar/typescript-faster/-/typescript-faster-0.40.13.tgz"
  "version" "0.40.13"
  dependencies:
    "semver" "^7.3.7"

"@volar/vue-language-core@0.40.13":
  "integrity" "sha512-QkCb8msi2KUitTdM6Y4kAb7/ZlEvuLcbBFOC2PLBlFuoZwyxvSP7c/dBGmKGtJlEvMX0LdCyrg5V2aBYxD38/Q=="
  "resolved" "https://registry.npmjs.org/@volar/vue-language-core/-/vue-language-core-0.40.13.tgz"
  "version" "0.40.13"
  dependencies:
    "@volar/code-gen" "0.40.13"
    "@volar/source-map" "0.40.13"
    "@vue/compiler-core" "^3.2.38"
    "@vue/compiler-dom" "^3.2.38"
    "@vue/compiler-sfc" "^3.2.38"
    "@vue/reactivity" "^3.2.38"
    "@vue/shared" "^3.2.38"

"@volar/vue-typescript@0.40.13":
  "integrity" "sha512-o7bNztwjs8JmbQjVkrnbZUOfm7q4B8ZYssETISN1tRaBdun6cfNqgpkvDYd+VUBh1O4CdksvN+5BUNnwAz4oCQ=="
  "resolved" "https://registry.npmjs.org/@volar/vue-typescript/-/vue-typescript-0.40.13.tgz"
  "version" "0.40.13"
  dependencies:
    "@volar/code-gen" "0.40.13"
    "@volar/typescript-faster" "0.40.13"
    "@volar/vue-language-core" "0.40.13"

"@vue/compiler-core@^3.2.38", "@vue/compiler-core@3.2.39":
  "integrity" "sha512-mf/36OWXqWn0wsC40nwRRGheR/qoID+lZXbIuLnr4/AngM0ov8Xvv8GHunC0rKRIkh60bTqydlqTeBo49rlbqw=="
  "resolved" "https://registry.npmjs.org/@vue/compiler-core/-/compiler-core-3.2.39.tgz"
  "version" "3.2.39"
  dependencies:
    "@babel/parser" "^7.16.4"
    "@vue/shared" "3.2.39"
    "estree-walker" "^2.0.2"
    "source-map" "^0.6.1"

"@vue/compiler-core@3.2.37":
  "integrity" "sha512-81KhEjo7YAOh0vQJoSmAD68wLfYqJvoiD4ulyedzF+OEk/bk6/hx3fTNVfuzugIIaTrOx4PGx6pAiBRe5e9Zmg=="
  "resolved" "https://registry.npmjs.org/@vue/compiler-core/-/compiler-core-3.2.37.tgz"
  "version" "3.2.37"
  dependencies:
    "@babel/parser" "^7.16.4"
    "@vue/shared" "3.2.37"
    "estree-walker" "^2.0.2"
    "source-map" "^0.6.1"

"@vue/compiler-dom@^3.2.38", "@vue/compiler-dom@3.2.39":
  "integrity" "sha512-HMFI25Be1C8vLEEv1hgEO1dWwG9QQ8LTTPmCkblVJY/O3OvWx6r1+zsox5mKPMGvqYEZa6l8j+xgOfUspgo7hw=="
  "resolved" "https://registry.npmjs.org/@vue/compiler-dom/-/compiler-dom-3.2.39.tgz"
  "version" "3.2.39"
  dependencies:
    "@vue/compiler-core" "3.2.39"
    "@vue/shared" "3.2.39"

"@vue/compiler-dom@3.2.37":
  "integrity" "sha512-yxJLH167fucHKxaqXpYk7x8z7mMEnXOw3G2q62FTkmsvNxu4FQSu5+3UMb+L7fjKa26DEzhrmCxAgFLLIzVfqQ=="
  "resolved" "https://registry.npmjs.org/@vue/compiler-dom/-/compiler-dom-3.2.37.tgz"
  "version" "3.2.37"
  dependencies:
    "@vue/compiler-core" "3.2.37"
    "@vue/shared" "3.2.37"

"@vue/compiler-sfc@^3.0.5", "@vue/compiler-sfc@^3.0.6", "@vue/compiler-sfc@3.2.37":
  "integrity" "sha512-+7i/2+9LYlpqDv+KTtWhOZH+pa8/HnX/905MdVmAcI/mPQOBwkHHIzrsEsucyOIZQYMkXUiTkmZq5am/NyXKkg=="
  "resolved" "https://registry.npmjs.org/@vue/compiler-sfc/-/compiler-sfc-3.2.37.tgz"
  "version" "3.2.37"
  dependencies:
    "@babel/parser" "^7.16.4"
    "@vue/compiler-core" "3.2.37"
    "@vue/compiler-dom" "3.2.37"
    "@vue/compiler-ssr" "3.2.37"
    "@vue/reactivity-transform" "3.2.37"
    "@vue/shared" "3.2.37"
    "estree-walker" "^2.0.2"
    "magic-string" "^0.25.7"
    "postcss" "^8.1.10"
    "source-map" "^0.6.1"

"@vue/compiler-sfc@^3.2.38":
  "integrity" "sha512-fqAQgFs1/BxTUZkd0Vakn3teKUt//J3c420BgnYgEOoVdTwYpBTSXCMJ88GOBCylmUBbtquGPli9tVs7LzsWIA=="
  "resolved" "https://registry.npmjs.org/@vue/compiler-sfc/-/compiler-sfc-3.2.39.tgz"
  "version" "3.2.39"
  dependencies:
    "@babel/parser" "^7.16.4"
    "@vue/compiler-core" "3.2.39"
    "@vue/compiler-dom" "3.2.39"
    "@vue/compiler-ssr" "3.2.39"
    "@vue/reactivity-transform" "3.2.39"
    "@vue/shared" "3.2.39"
    "estree-walker" "^2.0.2"
    "magic-string" "^0.25.7"
    "postcss" "^8.1.10"
    "source-map" "^0.6.1"

"@vue/compiler-ssr@3.2.37":
  "integrity" "sha512-7mQJD7HdXxQjktmsWp/J67lThEIcxLemz1Vb5I6rYJHR5vI+lON3nPGOH3ubmbvYGt8xEUaAr1j7/tIFWiEOqw=="
  "resolved" "https://registry.npmjs.org/@vue/compiler-ssr/-/compiler-ssr-3.2.37.tgz"
  "version" "3.2.37"
  dependencies:
    "@vue/compiler-dom" "3.2.37"
    "@vue/shared" "3.2.37"

"@vue/compiler-ssr@3.2.39":
  "integrity" "sha512-EoGCJ6lincKOZGW+0Ky4WOKsSmqL7hp1ZYgen8M7u/mlvvEQUaO9tKKOy7K43M9U2aA3tPv0TuYYQFrEbK2eFQ=="
  "resolved" "https://registry.npmjs.org/@vue/compiler-ssr/-/compiler-ssr-3.2.39.tgz"
  "version" "3.2.39"
  dependencies:
    "@vue/compiler-dom" "3.2.39"
    "@vue/shared" "3.2.39"

"@vue/reactivity-transform@3.2.37":
  "integrity" "sha512-IWopkKEb+8qpu/1eMKVeXrK0NLw9HicGviJzhJDEyfxTR9e1WtpnnbYkJWurX6WwoFP0sz10xQg8yL8lgskAZg=="
  "resolved" "https://registry.npmjs.org/@vue/reactivity-transform/-/reactivity-transform-3.2.37.tgz"
  "version" "3.2.37"
  dependencies:
    "@babel/parser" "^7.16.4"
    "@vue/compiler-core" "3.2.37"
    "@vue/shared" "3.2.37"
    "estree-walker" "^2.0.2"
    "magic-string" "^0.25.7"

"@vue/reactivity-transform@3.2.39":
  "integrity" "sha512-HGuWu864zStiWs9wBC6JYOP1E00UjMdDWIG5W+FpUx28hV3uz9ODOKVNm/vdOy/Pvzg8+OcANxAVC85WFBbl3A=="
  "resolved" "https://registry.npmjs.org/@vue/reactivity-transform/-/reactivity-transform-3.2.39.tgz"
  "version" "3.2.39"
  dependencies:
    "@babel/parser" "^7.16.4"
    "@vue/compiler-core" "3.2.39"
    "@vue/shared" "3.2.39"
    "estree-walker" "^2.0.2"
    "magic-string" "^0.25.7"

"@vue/reactivity@^3.2.38":
  "integrity" "sha512-vlaYX2a3qMhIZfrw3Mtfd+BuU+TZmvDrPMa+6lpfzS9k/LnGxkSuf0fhkP0rMGfiOHPtyKoU9OJJJFGm92beVQ=="
  "resolved" "https://registry.npmjs.org/@vue/reactivity/-/reactivity-3.2.39.tgz"
  "version" "3.2.39"
  dependencies:
    "@vue/shared" "3.2.39"

"@vue/reactivity@3.2.37":
  "integrity" "sha512-/7WRafBOshOc6m3F7plwzPeCu/RCVv9uMpOwa/5PiY1Zz+WLVRWiy0MYKwmg19KBdGtFWsmZ4cD+LOdVPcs52A=="
  "resolved" "https://registry.npmjs.org/@vue/reactivity/-/reactivity-3.2.37.tgz"
  "version" "3.2.37"
  dependencies:
    "@vue/shared" "3.2.37"

"@vue/reactivity@3.2.38":
  "integrity" "sha512-6L4myYcH9HG2M25co7/BSo0skKFHpAN8PhkNPM4xRVkyGl1K5M3Jx4rp5bsYhvYze2K4+l+pioN4e6ZwFLUVtw=="
  "resolved" "https://registry.npmjs.org/@vue/reactivity/-/reactivity-3.2.38.tgz"
  "version" "3.2.38"
  dependencies:
    "@vue/shared" "3.2.38"

"@vue/runtime-core@3.2.37":
  "integrity" "sha512-JPcd9kFyEdXLl/i0ClS7lwgcs0QpUAWj+SKX2ZC3ANKi1U4DOtiEr6cRqFXsPwY5u1L9fAjkinIdB8Rz3FoYNQ=="
  "resolved" "https://registry.npmjs.org/@vue/runtime-core/-/runtime-core-3.2.37.tgz"
  "version" "3.2.37"
  dependencies:
    "@vue/reactivity" "3.2.37"
    "@vue/shared" "3.2.37"

"@vue/runtime-dom@3.2.37":
  "integrity" "sha512-HimKdh9BepShW6YozwRKAYjYQWg9mQn63RGEiSswMbW+ssIht1MILYlVGkAGGQbkhSh31PCdoUcfiu4apXJoPw=="
  "resolved" "https://registry.npmjs.org/@vue/runtime-dom/-/runtime-dom-3.2.37.tgz"
  "version" "3.2.37"
  dependencies:
    "@vue/runtime-core" "3.2.37"
    "@vue/shared" "3.2.37"
    "csstype" "^2.6.8"

"@vue/server-renderer@3.2.37":
  "integrity" "sha512-kLITEJvaYgZQ2h47hIzPh2K3jG8c1zCVbp/o/bzQOyvzaKiCquKS7AaioPI28GNxIsE/zSx+EwWYsNxDCX95MA=="
  "resolved" "https://registry.npmjs.org/@vue/server-renderer/-/server-renderer-3.2.37.tgz"
  "version" "3.2.37"
  dependencies:
    "@vue/compiler-ssr" "3.2.37"
    "@vue/shared" "3.2.37"

"@vue/shared@^3.2.38", "@vue/shared@3.2.39":
  "integrity" "sha512-D3dl2ZB9qE6mTuWPk9RlhDeP1dgNRUKC3NJxji74A4yL8M2MwlhLKUC/49WHjrNzSPug58fWx/yFbaTzGAQSBw=="
  "resolved" "https://registry.npmjs.org/@vue/shared/-/shared-3.2.39.tgz"
  "version" "3.2.39"

"@vue/shared@3.2.37":
  "integrity" "sha512-4rSJemR2NQIo9Klm1vabqWjD8rs/ZaJSzMxkMNeJS6lHiUjjUeYFbooN19NgFjztubEKh3WlZUeOLVdbbUWHsw=="
  "resolved" "https://registry.npmjs.org/@vue/shared/-/shared-3.2.37.tgz"
  "version" "3.2.37"

"@vue/shared@3.2.38":
  "integrity" "sha512-dTyhTIRmGXBjxJE+skC8tTWCGLCVc4wQgRRLt8+O9p5ewBAjoBwtCAkLPrtToSr1xltoe3st21Pv953aOZ7alg=="
  "resolved" "https://registry.npmjs.org/@vue/shared/-/shared-3.2.38.tgz"
  "version" "3.2.38"

"colorette@^1.2.2":
  "integrity" "sha512-MKGMzyfeuutC/ZJ1cba9NqcNpfeqMUcYmyF1ZFY6/Cn7CNSAKx6a+s48sqLqyAiZuaP2TcqMhoo+dlwFnVxT9w=="
  "resolved" "https://registry.npmjs.org/colorette/-/colorette-1.2.2.tgz"
  "version" "1.2.2"

"csstype@^2.6.8":
  "integrity" "sha512-/WwNkdXfckNgw6S5R125rrW8ez139lBHWouiBvX8dfMFtcn6V81REDqnH7+CRpRipfYlyU1CmOnOxrmGcFOjeA=="
  "resolved" "https://registry.npmjs.org/csstype/-/csstype-2.6.20.tgz"
  "version" "2.6.20"

"default-passive-events@^2.0.0":
  "integrity" "sha512-eMtt76GpDVngZQ3ocgvRcNCklUMwID1PaNbCNxfpDXuiOXttSh0HzBbda1HU9SIUsDc02vb7g9+3I5tlqe/qMQ=="
  "resolved" "https://registry.npmjs.org/default-passive-events/-/default-passive-events-2.0.0.tgz"
  "version" "2.0.0"

"esbuild@^0.9.3":
  "integrity" "sha512-F6vASxU0wT/Davt9aj2qtDwDNSkQxh9VbyO56M7PDWD+D/Vgq/rmUDGDQo7te76W5auauVojjnQr/wTu3vpaUA=="
  "resolved" "https://registry.npmjs.org/esbuild/-/esbuild-0.9.6.tgz"
  "version" "0.9.6"

"estree-walker@^2.0.2":
  "integrity" "sha512-Rfkk/Mp/DL7JVje3u18FxFujQlTNR2q6QfMSMB7AvCBx91NGj/ba3kCfza0f6dVDbw7YlRf/nDrn7pQrCCyQ/w=="
  "resolved" "https://registry.npmjs.org/estree-walker/-/estree-walker-2.0.2.tgz"
  "version" "2.0.2"

"fsevents@~2.3.1":
  "integrity" "sha512-xiqMQR4xAeHTuB9uWm+fFRcIOgKBMiOBP+eXiyT7jsgVCq1bkVygt00oASowB7EdtpOHaaPgKt812P9ab+DDKA=="
  "resolved" "https://registry.npmjs.org/fsevents/-/fsevents-2.3.2.tgz"
  "version" "2.3.2"

"function-bind@^1.1.1":
  "integrity" "sha512-yIovAzMX49sF8Yl58fSCWJ5svSLuaibPxXQJFLmBObTuCr0Mf1KiPopGM9NiFjiYBCbfaa2Fh6breQ6ANVTI0A=="
  "resolved" "https://registry.npmjs.org/function-bind/-/function-bind-1.1.1.tgz"
  "version" "1.1.1"

"has@^1.0.3":
  "integrity" "sha512-f2dvO0VU6Oej7RkWJGrehjbzMAjFp5/VKPp5tTpWIV4JHHZK1/BxbFRtf/siA2SWTe09caDmVtYYzWEIbBS4zw=="
  "resolved" "https://registry.npmjs.org/has/-/has-1.0.3.tgz"
  "version" "1.0.3"
  dependencies:
    "function-bind" "^1.1.1"

"is-core-module@^2.2.0":
  "integrity" "sha512-XRAfAdyyY5F5cOXn7hYQDqh2Xmii+DEfIcQGxK/uNwMHhIkPWO0g8msXcbzLe+MpGoR951MlqM/2iIlU4vKDdQ=="
  "resolved" "https://registry.npmjs.org/is-core-module/-/is-core-module-2.2.0.tgz"
  "version" "2.2.0"
  dependencies:
    "has" "^1.0.3"

"lru-cache@^6.0.0":
  "integrity" "sha512-Jo6dJ04CmSjuznwJSS3pUeWmd/H0ffTlkXXgwZi+eq1UCmqQwCh+eLsYOYCwY991i2Fah4h1BEMCx4qThGbsiA=="
  "resolved" "https://registry.npmjs.org/lru-cache/-/lru-cache-6.0.0.tgz"
  "version" "6.0.0"
  dependencies:
    "yallist" "^4.0.0"

"magic-string@^0.25.7":
  "integrity" "sha512-4CrMT5DOHTDk4HYDlzmwu4FVCcIYI8gauveasrdCu2IKIFOJ3f0v/8MDGJCDL9oD2ppz/Av1b0Nj345H9M+XIA=="
  "resolved" "https://registry.npmjs.org/magic-string/-/magic-string-0.25.7.tgz"
  "version" "0.25.7"
  dependencies:
    "sourcemap-codec" "^1.4.4"

"nanoid@^3.1.20":
  "integrity" "sha512-/2ZUaJX2ANuLtTvqTlgqBQNJoQO398KyJgZloL0PZkC0dpysjncRUPsFe3DUPzz/y3h+u7C46np8RMuvF3jsSQ=="
  "resolved" "https://registry.npmjs.org/nanoid/-/nanoid-3.1.22.tgz"
  "version" "3.1.22"

"path-parse@^1.0.6":
  "integrity" "sha512-GSmOT2EbHrINBf9SR7CDELwlJ8AENk3Qn7OikK4nFYAu3Ote2+JYNVvkpAEQm3/TLNEJFD/xZJjzyxg3KBWOzw=="
  "resolved" "https://registry.npmjs.org/path-parse/-/path-parse-1.0.6.tgz"
  "version" "1.0.6"

"postcss@^8.1.10", "postcss@^8.2.1":
  "integrity" "sha512-1F0Xb2T21xET7oQV9eKuctbM9S7BC0fetoHCc4H13z0PT6haiRLP4T0ZY4XWh7iLP0usgqykT6p9B2RtOf4FPw=="
  "resolved" "https://registry.npmjs.org/postcss/-/postcss-8.2.8.tgz"
  "version" "8.2.8"
  dependencies:
    "colorette" "^1.2.2"
    "nanoid" "^3.1.20"
    "source-map" "^0.6.1"

"resolve@^1.19.0":
  "integrity" "sha512-wENBPt4ySzg4ybFQW2TT1zMQucPK95HSh/nq2CFTZVOGut2+pQvSsgtda4d26YrYcr067wjbmzOG8byDPBX63A=="
  "resolved" "https://registry.npmjs.org/resolve/-/resolve-1.20.0.tgz"
  "version" "1.20.0"
  dependencies:
    "is-core-module" "^2.2.0"
    "path-parse" "^1.0.6"

"rollup@^2.38.5":
  "integrity" "sha512-JjaT9WaUS5vmjy6xUrnPOskjkQg2cN4WSACNCwbOvBz8VDmbiKVdmTFUoMPRqTud0tsex8Xy9/boLbDW9HKD1w=="
  "resolved" "https://registry.npmjs.org/rollup/-/rollup-2.42.3.tgz"
  "version" "2.42.3"
  optionalDependencies:
    "fsevents" "~2.3.1"

"semver@^7.3.7":
  "integrity" "sha512-QlYTucUYOews+WeEujDoEGziz4K6c47V/Bd+LjSSYcA94p+DmINdf7ncaUinThfvZyu13lN9OY1XDxt8C0Tw0g=="
  "resolved" "https://registry.npmjs.org/semver/-/semver-7.3.7.tgz"
  "version" "7.3.7"
  dependencies:
    "lru-cache" "^6.0.0"

"signature_pad@^3.0.0-beta.4":
  "integrity" "sha512-cOf2NhVuTiuNqe2X/ycEmizvCDXk0DoemhsEpnkcGnA4kS5iJYTCqZ9As7tFBbsch45Q1EdX61833+6sjJ8rrw=="
  "resolved" "https://registry.npmjs.org/signature_pad/-/signature_pad-3.0.0-beta.4.tgz"
  "version" "3.0.0-beta.4"

"source-map@^0.6.1":
  "integrity" "sha512-UjgapumWlbMhkBgzT7Ykc5YXUT46F0iKu8SGXq0bcwP5dz/h0Plj6enJqjz1Zbq2l5WaqYnrVbwWOWMyF3F47g=="
  "resolved" "https://registry.npmjs.org/source-map/-/source-map-0.6.1.tgz"
  "version" "0.6.1"

"sourcemap-codec@^1.4.4":
  "integrity" "sha512-9NykojV5Uih4lgo5So5dtw+f0JgJX30KCNI8gwhz2J9A15wD0Ml6tjHKwf6fTSa6fAdVBdZeNOs9eJ71qCk8vA=="
  "resolved" "https://registry.npmjs.org/sourcemap-codec/-/sourcemap-codec-1.4.8.tgz"
  "version" "1.4.8"

"typescript@*", "typescript@^4.8.2":
  "integrity" "sha512-goMHfm00nWPa8UvR/CPSvykqf6dVV8x/dp0c5mFTMTIu0u0FlGWRioyy7Nn0PGAdHxpJZnuO/ut+PpQ8UiHAig=="
  "resolved" "https://registry.npmjs.org/typescript/-/typescript-4.8.3.tgz"
  "version" "4.8.3"

"vite@^2.1.0":
  "integrity" "sha512-K96k5Nb1kywggFwZNGf/NQVZIrjMSvjebYWFIEQRu8AQWtzxatMF8/reExFXebmrfWAT3PTUk6l4zJBkpMtyVg=="
  "resolved" "https://registry.npmjs.org/vite/-/vite-2.1.2.tgz"
  "version" "2.1.2"
  dependencies:
    "esbuild" "^0.9.3"
    "postcss" "^8.2.1"
    "resolve" "^1.19.0"
    "rollup" "^2.38.5"
  optionalDependencies:
    "fsevents" "~2.3.1"

"vue-tsc@^0.40.8":
  "integrity" "sha512-xzuN3g5PnKfJcNrLv4+mAjteMd5wLm5fRhW0034OfNJZY4WhB07vhngea/XeGn7wNYt16r7syonzvW/54dcNiA=="
  "resolved" "https://registry.npmjs.org/vue-tsc/-/vue-tsc-0.40.13.tgz"
  "version" "0.40.13"
  dependencies:
    "@volar/vue-language-core" "0.40.13"
    "@volar/vue-typescript" "0.40.13"

"vue@^3.2.37", "vue@3.2.37":
  "integrity" "sha512-bOKEZxrm8Eh+fveCqS1/NkG/n6aMidsI6hahas7pa0w/l7jkbssJVsRhVDs07IdDq7h9KHswZOgItnwJAgtVtQ=="
  "resolved" "https://registry.npmjs.org/vue/-/vue-3.2.37.tgz"
  "version" "3.2.37"
  dependencies:
    "@vue/compiler-dom" "3.2.37"
    "@vue/compiler-sfc" "3.2.37"
    "@vue/runtime-dom" "3.2.37"
    "@vue/server-renderer" "3.2.37"
    "@vue/shared" "3.2.37"

"yallist@^4.0.0":
  "integrity" "sha512-3wdGidZyq5PB084XLES5TpOSRA3wjXAlIWMhum2kRcv/41Sn2emQ0dycQW4uZXLejwKvg6EsvbdlVL+FYEct7A=="
  "resolved" "https://registry.npmjs.org/yallist/-/yallist-4.0.0.tgz"
  "version" "4.0.0"
